{
    "_meta": {
        "hash": {
            "sha256": "cfeda9d18f08b7b083b36f6e744e0bc733caee25545be770a847c06b664568d7"
        },
        "pipfile-spec": 1,
        "requires": {},
        "sources": [
            {
                "url": "https://pypi.python.org/simple",
                "verify_ssl": true
            }
        ]
    },
    "default": {
        "certifi": {
            "version": "==2018.1.18"
        },
        "chardet": {
            "version": "==3.0.4"
        },
        "click": {
            "version": "==6.7"
        },
        "daemonize": {
            "version": "==2.4.7"
        },
        "idna": {
            "version": "==2.6"
        },
        "krakenex": {
            "version": "==2.0.0"
        },
        "requests": {
            "version": "==2.18.4"
        },
        "urllib3": {
            "version": "==1.22"
        }
    },
    "develop": {}
}
