{
    "_meta": {
        "hash": {
            "sha256": "f6cec345b146491702ea27c0d4d768583bc37bf8e38e466fcbc9a949edb291f3"
        },
        "pipfile-spec": 1,
        "requires": {},
        "sources": [
            {
                "url": "https://pypi.python.org/simple",
                "verify_ssl": true
            }
        ]
    },
    "default": {
        "certifi": {
            "version": "==2018.4.16"
        },
        "chardet": {
            "version": "==3.0.4"
        },
        "click": {
            "version": "==6.7"
        },
        "daemonize": {
            "version": "==2.4.7"
        },
        "idna": {
            "version": "==2.7"
        },
        "krakenex": {
            "version": "==2.1.0"
        },
        "numpy": {
            "version": "==1.14.5"
        },
        "requests": {
            "version": "==2.19.1"
        },
        "urllib3": {
            "version": "==1.23"
        }
    },
    "develop": {}
}
